// !$*UTF8*$!
{
	archiveVersion = 1;
	classes = {
	};
	objectVersion = 46;
	objects = {

/* Begin PBXBuildFile section */
		4FE430B914D2664C00D7CEA3 /* UIKit.framework in Frameworks */ = {isa = PBXBuildFile; fileRef = 4FE430B814D2664C00D7CEA3 /* UIKit.framework */; };
		4FE430BB14D2664C00D7CEA3 /* Foundation.framework in Frameworks */ = {isa = PBXBuildFile; fileRef = 4FE430BA14D2664C00D7CEA3 /* Foundation.framework */; };
		4FE430BD14D2664C00D7CEA3 /* CoreGraphics.framework in Frameworks */ = {isa = PBXBuildFile; fileRef = 4FE430BC14D2664C00D7CEA3 /* CoreGraphics.framework */; };
		4FE430C314D2664C00D7CEA3 /* InfoPlist.strings in Resources */ = {isa = PBXBuildFile; fileRef = 4FE430C114D2664C00D7CEA3 /* InfoPlist.strings */; };
		4FE430C514D2664C00D7CEA3 /* main.m in Sources */ = {isa = PBXBuildFile; fileRef = 4FE430C414D2664C00D7CEA3 /* main.m */; };
		4FE430C914D2664C00D7CEA3 /* NAAppDelegate.m in Sources */ = {isa = PBXBuildFile; fileRef = 4FE430C814D2664C00D7CEA3 /* NAAppDelegate.m */; };
		4FE430CC14D2664C00D7CEA3 /* NAViewController.m in Sources */ = {isa = PBXBuildFile; fileRef = 4FE430CB14D2664C00D7CEA3 /* NAViewController.m */; };
		4FE430CF14D2664C00D7CEA3 /* NAViewController.xib in Resources */ = {isa = PBXBuildFile; fileRef = 4FE430CD14D2664C00D7CEA3 /* NAViewController.xib */; };
		4FE430D714D2668C00D7CEA3 /* ScrollViewDelegate.m in Sources */ = {isa = PBXBuildFile; fileRef = 4FE430D614D2668C00D7CEA3 /* ScrollViewDelegate.m */; };
/* End PBXBuildFile section */

/* Begin PBXFileReference section */
		4FE430B414D2664C00D7CEA3 /* TextViewScrolling.app */ = {isa = PBXFileReference; explicitFileType = wrapper.application; includeInIndex = 0; path = TextViewScrolling.app; sourceTree = BUILT_PRODUCTS_DIR; };
		4FE430B814D2664C00D7CEA3 /* UIKit.framework */ = {isa = PBXFileReference; lastKnownFileType = wrapper.framework; name = UIKit.framework; path = System/Library/Frameworks/UIKit.framework; sourceTree = SDKROOT; };
		4FE430BA14D2664C00D7CEA3 /* Foundation.framework */ = {isa = PBXFileReference; lastKnownFileType = wrapper.framework; name = Foundation.framework; path = System/Library/Frameworks/Foundation.framework; sourceTree = SDKROOT; };
		4FE430BC14D2664C00D7CEA3 /* CoreGraphics.framework */ = {isa = PBXFileReference; lastKnownFileType = wrapper.framework; name = CoreGraphics.framework; path = System/Library/Frameworks/CoreGraphics.framework; sourceTree = SDKROOT; };
		4FE430C014D2664C00D7CEA3 /* TextViewScrolling-Info.plist */ = {isa = PBXFileReference; lastKnownFileType = text.plist.xml; path = "TextViewScrolling-Info.plist"; sourceTree = "<group>"; };
		4FE430C214D2664C00D7CEA3 /* en */ = {isa = PBXFileReference; lastKnownFileType = text.plist.strings; name = en; path = en.lproj/InfoPlist.strings; sourceTree = "<group>"; };
		4FE430C414D2664C00D7CEA3 /* main.m */ = {isa = PBXFileReference; lastKnownFileType = sourcecode.c.objc; path = main.m; sourceTree = "<group>"; };
		4FE430C614D2664C00D7CEA3 /* TextViewScrolling-Prefix.pch */ = {isa = PBXFileReference; lastKnownFileType = sourcecode.c.h; path = "TextViewScrolling-Prefix.pch"; sourceTree = "<group>"; };
		4FE430C714D2664C00D7CEA3 /* NAAppDelegate.h */ = {isa = PBXFileReference; lastKnownFileType = sourcecode.c.h; path = NAAppDelegate.h; sourceTree = "<group>"; };
		4FE430C814D2664C00D7CEA3 /* NAAppDelegate.m */ = {isa = PBXFileReference; lastKnownFileType = sourcecode.c.objc; path = NAAppDelegate.m; sourceTree = "<group>"; };
		4FE430CA14D2664C00D7CEA3 /* NAViewController.h */ = {isa = PBXFileReference; lastKnownFileType = sourcecode.c.h; path = NAViewController.h; sourceTree = "<group>"; };
		4FE430CB14D2664C00D7CEA3 /* NAViewController.m */ = {isa = PBXFileReference; lastKnownFileType = sourcecode.c.objc; path = NAViewController.m; sourceTree = "<group>"; };
		4FE430CE14D2664C00D7CEA3 /* en */ = {isa = PBXFileReference; lastKnownFileType = file.xib; name = en; path = en.lproj/NAViewController.xib; sourceTree = "<group>"; };
		4FE430D514D2668C00D7CEA3 /* ScrollViewDelegate.h */ = {isa = PBXFileReference; fileEncoding = 4; lastKnownFileType = sourcecode.c.h; path = ScrollViewDelegate.h; sourceTree = "<group>"; };
		4FE430D614D2668C00D7CEA3 /* ScrollViewDelegate.m */ = {isa = PBXFileReference; fileEncoding = 4; lastKnownFileType = sourcecode.c.objc; path = ScrollViewDelegate.m; sourceTree = "<group>"; };
/* End PBXFileReference section */

/* Begin PBXFrameworksBuildPhase section */
		4FE430B114D2664C00D7CEA3 /* Frameworks */ = {
			isa = PBXFrameworksBuildPhase;
			buildActionMask = 2147483647;
			files = (
				4FE430B914D2664C00D7CEA3 /* UIKit.framework in Frameworks */,
				4FE430BB14D2664C00D7CEA3 /* Foundation.framework in Frameworks */,
				4FE430BD14D2664C00D7CEA3 /* CoreGraphics.framework in Frameworks */,
			);
			runOnlyForDeploymentPostprocessing = 0;
		};
/* End PBXFrameworksBuildPhase section */

/* Begin PBXGroup section */
		4FE430A914D2664C00D7CEA3 = {
			isa = PBXGroup;
			children = (
				4FE430BE14D2664C00D7CEA3 /* TextViewScrolling */,
				4FE430B714D2664C00D7CEA3 /* Frameworks */,
				4FE430B514D2664C00D7CEA3 /* Products */,
			);
			sourceTree = "<group>";
		};
		4FE430B514D2664C00D7CEA3 /* Products */ = {
			isa = PBXGroup;
			children = (
				4FE430B414D2664C00D7CEA3 /* TextViewScrolling.app */,
			);
			name = Products;
			sourceTree = "<group>";
		};
		4FE430B714D2664C00D7CEA3 /* Frameworks */ = {
			isa = PBXGroup;
			children = (
				4FE430B814D2664C00D7CEA3 /* UIKit.framework */,
				4FE430BA14D2664C00D7CEA3 /* Foundation.framework */,
				4FE430BC14D2664C00D7CEA3 /* CoreGraphics.framework */,
			);
			name = Frameworks;
			sourceTree = "<group>";
		};
		4FE430BE14D2664C00D7CEA3 /* TextViewScrolling */ = {
			isa = PBXGroup;
			children = (
				4FE430C714D2664C00D7CEA3 /* NAAppDelegate.h */,
				4FE430C814D2664C00D7CEA3 /* NAAppDelegate.m */,
				4FE430D514D2668C00D7CEA3 /* ScrollViewDelegate.h */,
				4FE430D614D2668C00D7CEA3 /* ScrollViewDelegate.m */,
				4FE430CA14D2664C00D7CEA3 /* NAViewController.h */,
				4FE430CB14D2664C00D7CEA3 /* NAViewController.m */,
				4FE430CD14D2664C00D7CEA3 /* NAViewController.xib */,
				4FE430BF14D2664C00D7CEA3 /* Supporting Files */,
			);
			path = TextViewScrolling;
			sourceTree = "<group>";
		};
		4FE430BF14D2664C00D7CEA3 /* Supporting Files */ = {
			isa = PBXGroup;
			children = (
				4FE430C014D2664C00D7CEA3 /* TextViewScrolling-Info.plist */,
				4FE430C114D2664C00D7CEA3 /* InfoPlist.strings */,
				4FE430C414D2664C00D7CEA3 /* main.m */,
				4FE430C614D2664C00D7CEA3 /* TextViewScrolling-Prefix.pch */,
			);
			name = "Supporting Files";
			sourceTree = "<group>";
		};
/* End PBXGroup section */

/* Begin PBXNativeTarget section */
		4FE430B314D2664C00D7CEA3 /* TextViewScrolling */ = {
			isa = PBXNativeTarget;
			buildConfigurationList = 4FE430D214D2664C00D7CEA3 /* Build configuration list for PBXNativeTarget "TextViewScrolling" */;
			buildPhases = (
				4FE430B014D2664C00D7CEA3 /* Sources */,
				4FE430B114D2664C00D7CEA3 /* Frameworks */,
				4FE430B214D2664C00D7CEA3 /* Resources */,
			);
			buildRules = (
			);
			dependencies = (
			);
			name = TextViewScrolling;
			productName = TextViewScrolling;
			productReference = 4FE430B414D2664C00D7CEA3 /* TextViewScrolling.app */;
			productType = "com.apple.product-type.application";
		};
/* End PBXNativeTarget section */

/* Begin PBXProject section */
		4FE430AB14D2664C00D7CEA3 /* Project object */ = {
			isa = PBXProject;
			attributes = {
				LastUpgradeCheck = 0420;
				ORGANIZATIONNAME = "Information Architects";
			};
			buildConfigurationList = 4FE430AE14D2664C00D7CEA3 /* Build configuration list for PBXProject "TextViewScrolling" */;
			compatibilityVersion = "Xcode 3.2";
			developmentRegion = English;
			hasScannedForEncodings = 0;
			knownRegions = (
				en,
			);
			mainGroup = 4FE430A914D2664C00D7CEA3;
			productRefGroup = 4FE430B514D2664C00D7CEA3 /* Products */;
			projectDirPath = "";
			projectRoot = "";
			targets = (
				4FE430B314D2664C00D7CEA3 /* TextViewScrolling */,
			);
		};
/* End PBXProject section */

/* Begin PBXResourcesBuildPhase section */
		4FE430B214D2664C00D7CEA3 /* Resources */ = {
			isa = PBXResourcesBuildPhase;
			buildActionMask = 2147483647;
			files = (
				4FE430C314D2664C00D7CEA3 /* InfoPlist.strings in Resources */,
				4FE430CF14D2664C00D7CEA3 /* NAViewController.xib in Resources */,
			);
			runOnlyForDeploymentPostprocessing = 0;
		};
/* End PBXResourcesBuildPhase section */

/* Begin PBXSourcesBuildPhase section */
		4FE430B014D2664C00D7CEA3 /* Sources */ = {
			isa = PBXSourcesBuildPhase;
			buildActionMask = 2147483647;
			files = (
				4FE430C514D2664C00D7CEA3 /* main.m in Sources */,
				4FE430C914D2664C00D7CEA3 /* NAAppDelegate.m in Sources */,
				4FE430CC14D2664C00D7CEA3 /* NAViewController.m in Sources */,
				4FE430D714D2668C00D7CEA3 /* ScrollViewDelegate.m in Sources */,
			);
			runOnlyForDeploymentPostprocessing = 0;
		};
/* End PBXSourcesBuildPhase section */

/* Begin PBXVariantGroup section */
		4FE430C114D2664C00D7CEA3 /* InfoPlist.strings */ = {
			isa = PBXVariantGroup;
			children = (
				4FE430C214D2664C00D7CEA3 /* en */,
			);
			name = InfoPlist.strings;
			sourceTree = "<group>";
		};
		4FE430CD14D2664C00D7CEA3 /* NAViewController.xib */ = {
			isa = PBXVariantGroup;
			children = (
				4FE430CE14D2664C00D7CEA3 /* en */,
			);
			name = NAViewController.xib;
			sourceTree = "<group>";
		};
/* End PBXVariantGroup section */

/* Begin XCBuildConfiguration section */
		4FE430D014D2664C00D7CEA3 /* Debug */ = {
			isa = XCBuildConfiguration;
			buildSettings = {
				ALWAYS_SEARCH_USER_PATHS = NO;
				ARCHS = "$(ARCHS_STANDARD_32_BIT)";
				"CODE_SIGN_IDENTITY[sdk=iphoneos*]" = "iPhone Developer";
				COPY_PHASE_STRIP = NO;
				GCC_C_LANGUAGE_STANDARD = gnu99;
				GCC_DYNAMIC_NO_PIC = NO;
				GCC_OPTIMIZATION_LEVEL = 0;
				GCC_PREPROCESSOR_DEFINITIONS = (
					"DEBUG=1",
					"$(inherited)",
				);
				GCC_SYMBOLS_PRIVATE_EXTERN = NO;
				GCC_VERSION = com.apple.compilers.llvm.clang.1_0;
				GCC_WARN_ABOUT_MISSING_PROTOTYPES = YES;
				GCC_WARN_ABOUT_RETURN_TYPE = YES;
				GCC_WARN_UNUSED_VARIABLE = YES;
				IPHONEOS_DEPLOYMENT_TARGET = 5.0;
				SDKROOT = iphoneos;
			};
			name = Debug;
		};
		4FE430D114D2664C00D7CEA3 /* Release */ = {
			isa = XCBuildConfiguration;
			buildSettings = {
				ALWAYS_SEARCH_USER_PATHS = NO;
				ARCHS = "$(ARCHS_STANDARD_32_BIT)";
				"CODE_SIGN_IDENTITY[sdk=iphoneos*]" = "iPhone Developer";
				COPY_PHASE_STRIP = YES;
				GCC_C_LANGUAGE_STANDARD = gnu99;
				GCC_VERSION = com.apple.compilers.llvm.clang.1_0;
				GCC_WARN_ABOUT_MISSING_PROTOTYPES = YES;
				GCC_WARN_ABOUT_RETURN_TYPE = YES;
				GCC_WARN_UNUSED_VARIABLE = YES;
				IPHONEOS_DEPLOYMENT_TARGET = 5.0;
				OTHER_CFLAGS = "-DNS_BLOCK_ASSERTIONS=1";
				SDKROOT = iphoneos;
				VALIDATE_PRODUCT = YES;
			};
			name = Release;
		};
		4FE430D314D2664C00D7CEA3 /* Debug */ = {
			isa = XCBuildConfiguration;
			buildSettings = {
				GCC_PRECOMPILE_PREFIX_HEADER = YES;
				GCC_PREFIX_HEADER = "TextViewScrolling/TextViewScrolling-Prefix.pch";
				INFOPLIST_FILE = "TextViewScrolling/TextViewScrolling-Info.plist";
				PRODUCT_NAME = "$(TARGET_NAME)";
				WRAPPER_EXTENSION = app;
			};
			name = Debug;
		};
		4FE430D414D2664C00D7CEA3 /* Release */ = {
			isa = XCBuildConfiguration;
			buildSettings = {
				GCC_PRECOMPILE_PREFIX_HEADER = YES;
				GCC_PREFIX_HEADER = "TextViewScrolling/TextViewScrolling-Prefix.pch";
				INFOPLIST_FILE = "TextViewScrolling/TextViewScrolling-Info.plist";
				PRODUCT_NAME = "$(TARGET_NAME)";
				WRAPPER_EXTENSION = app;
			};
			name = Release;
		};
/* End XCBuildConfiguration section */

/* Begin XCConfigurationList section */
		4FE430AE14D2664C00D7CEA3 /* Build configuration list for PBXProject "TextViewScrolling" */ = {
			isa = XCConfigurationList;
			buildConfigurations = (
				4FE430D014D2664C00D7CEA3 /* Debug */,
				4FE430D114D2664C00D7CEA3 /* Release */,
			);
			defaultConfigurationIsVisible = 0;
			defaultConfigurationName = Release;
		};
		4FE430D214D2664C00D7CEA3 /* Build configuration list for PBXNativeTarget "TextViewScrolling" */ = {
			isa = XCConfigurationList;
			buildConfigurations = (
				4FE430D314D2664C00D7CEA3 /* Debug */,
				4FE430D414D2664C00D7CEA3 /* Release */,
			);
			defaultConfigurationIsVisible = 0;
		};
/* End XCConfigurationList section */
	};
	rootObject = 4FE430AB14D2664C00D7CEA3 /* Project object */;
}
